
Microsoft Visual Studio Solution File, Format Version 12.00
Project("{2150E333-8FDC-42A3-9474-1A3956D46DE8}") = "DevHost", "DevHost", "{41D9E578-0FAF-429F-AB3F-E1B0C87C5B68}"
EndProject
Project("{FAE04EC0-301F-11D3-BF4B-00C04F79EFBC}") = "DevHost", "projects\DevHost\DevHost\DevHost.csproj", "{5C7E3DD6-70DE-4054-BEF1-1D363F5F5CCA}"
EndProject
Project("{2150E333-8FDC-42A3-9474-1A3956D46DE8}") = "Packages", "Packages", "{000C2F4A-CED3-4C14-A7B7-671A2B295C90}"
EndProject
Project("{FAE04EC0-301F-11D3-BF4B-00C04F79EFBC}") = "Abstractions", "projects\Packages\Abstractions\Abstractions.csproj", "{EA6852C2-46C1-4605-98D1-EAB7D8DCD9E5}"
EndProject
Project("{FAE04EC0-301F-11D3-BF4B-00C04F79EFBC}") = "Worker", "projects\Worker\Worker\Worker.csproj", "{68F6F0F0-9EC6-4A73-AE66-51D8BB2F2B5F}"
EndProject
Project("{2150E333-8FDC-42A3-9474-1A3956D46DE8}") = "Worker", "Worker", "{D38BC5BB-2479-4F31-90F1-0A70177EC290}"
EndProject
Project("{FAE04EC0-301F-11D3-BF4B-00C04F79EFBC}") = "ServiceDefaults", "projects\Packages\ServiceDefaults\ServiceDefaults.csproj", "{87889129-263B-47D0-8022-AF2FDE2C055A}"
EndProject
Project("{2150E333-8FDC-42A3-9474-1A3956D46DE8}") = "WebApp", "WebApp", "{B03003B7-AA16-4E0E-8D8E-5C6069A7F197}"
EndProject
Project("{54A90642-561A-4BB1-A94E-469ADEE60C69}") = "WebApp", "projects\WebApp\WebApp.esproj", "{4ED8B1B3-2308-4271-91E5-21FF4ED626DF}"
EndProject
Project("{2150E333-8FDC-42A3-9474-1A3956D46DE8}") = "WebApi", "WebApi", "{E1DFCE0A-776B-4E45-AB00-30A46DA58E3D}"
EndProject
Project("{FAE04EC0-301F-11D3-BF4B-00C04F79EFBC}") = "WebApi", "projects\WebApi\WebApi\WebApi.csproj", "{174D9998-E454-493C-97A9-85777799B4B6}"
EndProject
Project("{FAE04EC0-301F-11D3-BF4B-00C04F79EFBC}") = "Infrastructure", "projects\Packages\Infrastructure\Infrastructure.csproj", "{DEB839A1-3483-4EDC-BAB5-70A3829916F0}"
EndProject
Project("{FAE04EC0-301F-11D3-BF4B-00C04F79EFBC}") = "Infrastructure.SqlMigrations", "projects\Packages\Infrastructure.SqlMigrations\Infrastructure.SqlMigrations.csproj", "{CA69E64E-75A1-4846-806A-61D8D2CF8CF3}"
EndProject
Project("{FAE04EC0-301F-11D3-BF4B-00C04F79EFBC}") = "DevHost.DatabaseMigrationService", "projects\DevHost\DevHost.DatabaseMigrationService\DevHost.DatabaseMigrationService.csproj", "{66B511CB-58D4-489D-BA85-C995C034D609}"
EndProject
Project("{FAE04EC0-301F-11D3-BF4B-00C04F79EFBC}") = "DevHost.DatabaseDataSeeder", "projects\DevHost\DevHost.DatabaseDataSeeder\DevHost.DatabaseDataSeeder.csproj", "{391BA853-503C-431A-B044-590B7BB9CE69}"
EndProject
Project("{FAE04EC0-301F-11D3-BF4B-00C04F79EFBC}") = "WebApi2", "projects\WebApi\WebApi2\WebApi2.csproj", "{1196E901-19B2-49C8-8D0B-0CE80501EB72}"
EndProject
Global
	GlobalSection(SolutionConfigurationPlatforms) = preSolution
		Debug|Any CPU = Debug|Any CPU
		Release|Any CPU = Release|Any CPU
	EndGlobalSection
	GlobalSection(NestedProjects) = preSolution
		{5C7E3DD6-70DE-4054-BEF1-1D363F5F5CCA} = {41D9E578-0FAF-429F-AB3F-E1B0C87C5B68}
		{EA6852C2-46C1-4605-98D1-EAB7D8DCD9E5} = {000C2F4A-CED3-4C14-A7B7-671A2B295C90}
		{68F6F0F0-9EC6-4A73-AE66-51D8BB2F2B5F} = {D38BC5BB-2479-4F31-90F1-0A70177EC290}
		{87889129-263B-47D0-8022-AF2FDE2C055A} = {000C2F4A-CED3-4C14-A7B7-671A2B295C90}
		{4ED8B1B3-2308-4271-91E5-21FF4ED626DF} = {B03003B7-AA16-4E0E-8D8E-5C6069A7F197}
		{174D9998-E454-493C-97A9-85777799B4B6} = {E1DFCE0A-776B-4E45-AB00-30A46DA58E3D}
		{DEB839A1-3483-4EDC-BAB5-70A3829916F0} = {000C2F4A-CED3-4C14-A7B7-671A2B295C90}
		{CA69E64E-75A1-4846-806A-61D8D2CF8CF3} = {000C2F4A-CED3-4C14-A7B7-671A2B295C90}
		{66B511CB-58D4-489D-BA85-C995C034D609} = {41D9E578-0FAF-429F-AB3F-E1B0C87C5B68}
		{391BA853-503C-431A-B044-590B7BB9CE69} = {41D9E578-0FAF-429F-AB3F-E1B0C87C5B68}
		{1196E901-19B2-49C8-8D0B-0CE80501EB72} = {E1DFCE0A-776B-4E45-AB00-30A46DA58E3D}
	EndGlobalSection
	GlobalSection(ProjectConfigurationPlatforms) = postSolution
		{5C7E3DD6-70DE-4054-BEF1-1D363F5F5CCA}.Debug|Any CPU.ActiveCfg = Debug|Any CPU
		{5C7E3DD6-70DE-4054-BEF1-1D363F5F5CCA}.Debug|Any CPU.Build.0 = Debug|Any CPU
		{5C7E3DD6-70DE-4054-BEF1-1D363F5F5CCA}.Release|Any CPU.ActiveCfg = Release|Any CPU
		{5C7E3DD6-70DE-4054-BEF1-1D363F5F5CCA}.Release|Any CPU.Build.0 = Release|Any CPU
		{EA6852C2-46C1-4605-98D1-EAB7D8DCD9E5}.Debug|Any CPU.ActiveCfg = Debug|Any CPU
		{EA6852C2-46C1-4605-98D1-EAB7D8DCD9E5}.Debug|Any CPU.Build.0 = Debug|Any CPU
		{EA6852C2-46C1-4605-98D1-EAB7D8DCD9E5}.Release|Any CPU.ActiveCfg = Release|Any CPU
		{EA6852C2-46C1-4605-98D1-EAB7D8DCD9E5}.Release|Any CPU.Build.0 = Release|Any CPU
		{68F6F0F0-9EC6-4A73-AE66-51D8BB2F2B5F}.Debug|Any CPU.ActiveCfg = Debug|Any CPU
		{68F6F0F0-9EC6-4A73-AE66-51D8BB2F2B5F}.Debug|Any CPU.Build.0 = Debug|Any CPU
		{68F6F0F0-9EC6-4A73-AE66-51D8BB2F2B5F}.Release|Any CPU.ActiveCfg = Release|Any CPU
		{68F6F0F0-9EC6-4A73-AE66-51D8BB2F2B5F}.Release|Any CPU.Build.0 = Release|Any CPU
		{87889129-263B-47D0-8022-AF2FDE2C055A}.Debug|Any CPU.ActiveCfg = Debug|Any CPU
		{87889129-263B-47D0-8022-AF2FDE2C055A}.Debug|Any CPU.Build.0 = Debug|Any CPU
		{87889129-263B-47D0-8022-AF2FDE2C055A}.Release|Any CPU.ActiveCfg = Release|Any CPU
		{87889129-263B-47D0-8022-AF2FDE2C055A}.Release|Any CPU.Build.0 = Release|Any CPU
		{174D9998-E454-493C-97A9-85777799B4B6}.Debug|Any CPU.ActiveCfg = Debug|Any CPU
		{174D9998-E454-493C-97A9-85777799B4B6}.Debug|Any CPU.Build.0 = Debug|Any CPU
		{174D9998-E454-493C-97A9-85777799B4B6}.Release|Any CPU.ActiveCfg = Release|Any CPU
		{174D9998-E454-493C-97A9-85777799B4B6}.Release|Any CPU.Build.0 = Release|Any CPU
		{DEB839A1-3483-4EDC-BAB5-70A3829916F0}.Debug|Any CPU.ActiveCfg = Debug|Any CPU
		{DEB839A1-3483-4EDC-BAB5-70A3829916F0}.Debug|Any CPU.Build.0 = Debug|Any CPU
		{DEB839A1-3483-4EDC-BAB5-70A3829916F0}.Release|Any CPU.ActiveCfg = Release|Any CPU
		{DEB839A1-3483-4EDC-BAB5-70A3829916F0}.Release|Any CPU.Build.0 = Release|Any CPU
		{CA69E64E-75A1-4846-806A-61D8D2CF8CF3}.Debug|Any CPU.ActiveCfg = Debug|Any CPU
		{CA69E64E-75A1-4846-806A-61D8D2CF8CF3}.Debug|Any CPU.Build.0 = Debug|Any CPU
		{CA69E64E-75A1-4846-806A-61D8D2CF8CF3}.Release|Any CPU.ActiveCfg = Release|Any CPU
		{CA69E64E-75A1-4846-806A-61D8D2CF8CF3}.Release|Any CPU.Build.0 = Release|Any CPU
		{66B511CB-58D4-489D-BA85-C995C034D609}.Debug|Any CPU.ActiveCfg = Debug|Any CPU
		{66B511CB-58D4-489D-BA85-C995C034D609}.Debug|Any CPU.Build.0 = Debug|Any CPU
		{66B511CB-58D4-489D-BA85-C995C034D609}.Release|Any CPU.ActiveCfg = Release|Any CPU
		{66B511CB-58D4-489D-BA85-C995C034D609}.Release|Any CPU.Build.0 = Release|Any CPU
		{391BA853-503C-431A-B044-590B7BB9CE69}.Debug|Any CPU.ActiveCfg = Debug|Any CPU
		{391BA853-503C-431A-B044-590B7BB9CE69}.Debug|Any CPU.Build.0 = Debug|Any CPU
		{391BA853-503C-431A-B044-590B7BB9CE69}.Release|Any CPU.ActiveCfg = Release|Any CPU
		{391BA853-503C-431A-B044-590B7BB9CE69}.Release|Any CPU.Build.0 = Release|Any CPU
		{1196E901-19B2-49C8-8D0B-0CE80501EB72}.Debug|Any CPU.ActiveCfg = Debug|Any CPU
		{1196E901-19B2-49C8-8D0B-0CE80501EB72}.Debug|Any CPU.Build.0 = Debug|Any CPU
		{1196E901-19B2-49C8-8D0B-0CE80501EB72}.Release|Any CPU.ActiveCfg = Release|Any CPU
		{1196E901-19B2-49C8-8D0B-0CE80501EB72}.Release|Any CPU.Build.0 = Release|Any CPU
	EndGlobalSection
EndGlobal
